// !$*UTF8*$!
{
	archiveVersion = 1;
	classes = {
	};
	objectVersion = 46;
	objects = {

/* Begin PBXBuildFile section */
		7833DFD41C2BCBF900D19D65 /* main.c in Sources */ = {isa = PBXBuildFile; fileRef = 7833DFD31C2BCBF900D19D65 /* main.c */; };
		7833DFDC1C2BCD4900D19D65 /* objSerializer.c in Sources */ = {isa = PBXBuildFile; fileRef = 7833DFDA1C2BCD4900D19D65 /* objSerializer.c */; };
/* End PBXBuildFile section */

/* Begin PBXCopyFilesBuildPhase section */
		7833DFCE1C2BCBF900D19D65 /* CopyFiles */ = {
			isa = PBXCopyFilesBuildPhase;
			buildActionMask = 2147483647;
			dstPath = /usr/share/man/man1/;
			dstSubfolderSpec = 0;
			files = (
			);
			runOnlyForDeploymentPostprocessing = 1;
		};
/* End PBXCopyFilesBuildPhase section */

/* Begin PBXFileReference section */
		7833DFD01C2BCBF900D19D65 /* objSerialize */ = {isa = PBXFileReference; explicitFileType = "compiled.mach-o.executable"; includeInIndex = 0; path = objSerialize; sourceTree = BUILT_PRODUCTS_DIR; };
		7833DFD31C2BCBF900D19D65 /* main.c */ = {isa = PBXFileReference; lastKnownFileType = sourcecode.c.c; path = main.c; sourceTree = "<group>"; };
		7833DFDA1C2BCD4900D19D65 /* objSerializer.c */ = {isa = PBXFileReference; fileEncoding = 4; lastKnownFileType = sourcecode.c.c; path = objSerializer.c; sourceTree = "<group>"; };
		7833DFDB1C2BCD4900D19D65 /* objSerializer.h */ = {isa = PBXFileReference; fileEncoding = 4; lastKnownFileType = sourcecode.c.h; path = objSerializer.h; sourceTree = "<group>"; };
		7833DFDE1C2BD69500D19D65 /* SerializedMesh.data */ = {isa = PBXFileReference; lastKnownFileType = file; path = SerializedMesh.data; sourceTree = "<group>"; };
		78E54D221C3A081C00C5E25C /* yd.data */ = {isa = PBXFileReference; fileEncoding = 4; lastKnownFileType = text; path = yd.data; sourceTree = "<group>"; };
/* End PBXFileReference section */

/* Begin PBXFrameworksBuildPhase section */
		7833DFCD1C2BCBF900D19D65 /* Frameworks */ = {
			isa = PBXFrameworksBuildPhase;
			buildActionMask = 2147483647;
			files = (
			);
			runOnlyForDeploymentPostprocessing = 0;
		};
/* End PBXFrameworksBuildPhase section */

/* Begin PBXGroup section */
		7833DFC71C2BCBF900D19D65 = {
			isa = PBXGroup;
			children = (
				7833DFD21C2BCBF900D19D65 /* objSerialize */,
				7833DFD11C2BCBF900D19D65 /* Products */,
			);
			sourceTree = "<group>";
		};
		7833DFD11C2BCBF900D19D65 /* Products */ = {
			isa = PBXGroup;
			children = (
				7833DFD01C2BCBF900D19D65 /* objSerialize */,
			);
			name = Products;
			sourceTree = "<group>";
		};
		7833DFD21C2BCBF900D19D65 /* objSerialize */ = {
			isa = PBXGroup;
			children = (
				7833DFDD1C2BD69500D19D65 /* objData */,
				7833DFD31C2BCBF900D19D65 /* main.c */,
				7833DFDA1C2BCD4900D19D65 /* objSerializer.c */,
				7833DFDB1C2BCD4900D19D65 /* objSerializer.h */,
			);
			path = objSerialize;
			sourceTree = "<group>";
		};
		7833DFDD1C2BD69500D19D65 /* objData */ = {
			isa = PBXGroup;
			children = (
				78E54D221C3A081C00C5E25C /* yd.data */,
				7833DFDE1C2BD69500D19D65 /* SerializedMesh.data */,
			);
			path = objData;
			sourceTree = "<group>";
		};
/* End PBXGroup section */

/* Begin PBXNativeTarget section */
		7833DFCF1C2BCBF900D19D65 /* objSerialize */ = {
			isa = PBXNativeTarget;
			buildConfigurationList = 7833DFD71C2BCBF900D19D65 /* Build configuration list for PBXNativeTarget "objSerialize" */;
			buildPhases = (
				7833DFCC1C2BCBF900D19D65 /* Sources */,
				7833DFCD1C2BCBF900D19D65 /* Frameworks */,
				7833DFCE1C2BCBF900D19D65 /* CopyFiles */,
			);
			buildRules = (
			);
			dependencies = (
			);
			name = objSerialize;
			productName = objSerialize;
			productReference = 7833DFD01C2BCBF900D19D65 /* objSerialize */;
			productType = "com.apple.product-type.tool";
		};
/* End PBXNativeTarget section */

/* Begin PBXProject section */
		7833DFC81C2BCBF900D19D65 /* Project object */ = {
			isa = PBXProject;
			attributes = {
				LastUpgradeCheck = 0710;
				ORGANIZATIONNAME = ChoYoungDae;
				TargetAttributes = {
					7833DFCF1C2BCBF900D19D65 = {
						CreatedOnToolsVersion = 7.1.1;
					};
				};
			};
			buildConfigurationList = 7833DFCB1C2BCBF900D19D65 /* Build configuration list for PBXProject "objSerialize" */;
			compatibilityVersion = "Xcode 3.2";
			developmentRegion = English;
			hasScannedForEncodings = 0;
			knownRegions = (
				en,
			);
			mainGroup = 7833DFC71C2BCBF900D19D65;
			productRefGroup = 7833DFD11C2BCBF900D19D65 /* Products */;
			projectDirPath = "";
			projectRoot = "";
			targets = (
				7833DFCF1C2BCBF900D19D65 /* objSerialize */,
			);
		};
/* End PBXProject section */

/* Begin PBXSourcesBuildPhase section */
		7833DFCC1C2BCBF900D19D65 /* Sources */ = {
			isa = PBXSourcesBuildPhase;
			buildActionMask = 2147483647;
			files = (
				7833DFD41C2BCBF900D19D65 /* main.c in Sources */,
				7833DFDC1C2BCD4900D19D65 /* objSerializer.c in Sources */,
			);
			runOnlyForDeploymentPostprocessing = 0;
		};
/* End PBXSourcesBuildPhase section */

/* Begin XCBuildConfiguration section */
		7833DFD51C2BCBF900D19D65 /* Debug */ = {
			isa = XCBuildConfiguration;
			buildSettings = {
				ALWAYS_SEARCH_USER_PATHS = NO;
				CLANG_CXX_LANGUAGE_STANDARD = "gnu++0x";
				CLANG_CXX_LIBRARY = "libc++";
				CLANG_ENABLE_MODULES = YES;
				CLANG_ENABLE_OBJC_ARC = YES;
				CLANG_WARN_BOOL_CONVERSION = YES;
				CLANG_WARN_CONSTANT_CONVERSION = YES;
				CLANG_WARN_DIRECT_OBJC_ISA_USAGE = YES_ERROR;
				CLANG_WARN_EMPTY_BODY = YES;
				CLANG_WARN_ENUM_CONVERSION = YES;
				CLANG_WARN_INT_CONVERSION = YES;
				CLANG_WARN_OBJC_ROOT_CLASS = YES_ERROR;
				CLANG_WARN_UNREACHABLE_CODE = YES;
				CLANG_WARN__DUPLICATE_METHOD_MATCH = YES;
				CODE_SIGN_IDENTITY = "-";
				COPY_PHASE_STRIP = NO;
				DEBUG_INFORMATION_FORMAT = dwarf;
				ENABLE_STRICT_OBJC_MSGSEND = YES;
				ENABLE_TESTABILITY = YES;
				GCC_C_LANGUAGE_STANDARD = gnu99;
				GCC_DYNAMIC_NO_PIC = NO;
				GCC_NO_COMMON_BLOCKS = YES;
				GCC_OPTIMIZATION_LEVEL = 0;
				GCC_PREPROCESSOR_DEFINITIONS = (
					"DEBUG=1",
					"$(inherited)",
				);
				GCC_WARN_64_TO_32_BIT_CONVERSION = YES;
				GCC_WARN_ABOUT_RETURN_TYPE = YES_ERROR;
				GCC_WARN_UNDECLARED_SELECTOR = YES;
				GCC_WARN_UNINITIALIZED_AUTOS = YES_AGGRESSIVE;
				GCC_WARN_UNUSED_FUNCTION = YES;
				GCC_WARN_UNUSED_VARIABLE = YES;
				MACOSX_DEPLOYMENT_TARGET = 10.11;
				MTL_ENABLE_DEBUG_INFO = YES;
				ONLY_ACTIVE_ARCH = YES;
				SDKROOT = macosx;
			};
			name = Debug;
		};
		7833DFD61C2BCBF900D19D65 /* Release */ = {
			isa = XCBuildConfiguration;
			buildSettings = {
				ALWAYS_SEARCH_USER_PATHS = NO;
				CLANG_CXX_LANGUAGE_STANDARD = "gnu++0x";
				CLANG_CXX_LIBRARY = "libc++";
				CLANG_ENABLE_MODULES = YES;
				CLANG_ENABLE_OBJC_ARC = YES;
				CLANG_WARN_BOOL_CONVERSION = YES;
				CLANG_WARN_CONSTANT_CONVERSION = YES;
				CLANG_WARN_DIRECT_OBJC_ISA_USAGE = YES_ERROR;
				CLANG_WARN_EMPTY_BODY = YES;
				CLANG_WARN_ENUM_CONVERSION = YES;
				CLANG_WARN_INT_CONVERSION = YES;
				CLANG_WARN_OBJC_ROOT_CLASS = YES_ERROR;
				CLANG_WARN_UNREACHABLE_CODE = YES;
				CLANG_WARN__DUPLICATE_METHOD_MATCH = YES;
				CODE_SIGN_IDENTITY = "-";
				COPY_PHASE_STRIP = NO;
				DEBUG_INFORMATION_FORMAT = "dwarf-with-dsym";
				ENABLE_NS_ASSERTIONS = NO;
				ENABLE_STRICT_OBJC_MSGSEND = YES;
				GCC_C_LANGUAGE_STANDARD = gnu99;
				GCC_NO_COMMON_BLOCKS = YES;
				GCC_WARN_64_TO_32_BIT_CONVERSION = YES;
				GCC_WARN_ABOUT_RETURN_TYPE = YES_ERROR;
				GCC_WARN_UNDECLARED_SELECTOR = YES;
				GCC_WARN_UNINITIALIZED_AUTOS = YES_AGGRESSIVE;
				GCC_WARN_UNUSED_FUNCTION = YES;
				GCC_WARN_UNUSED_VARIABLE = YES;
				MACOSX_DEPLOYMENT_TARGET = 10.11;
				MTL_ENABLE_DEBUG_INFO = NO;
				SDKROOT = macosx;
			};
			name = Release;
		};
		7833DFD81C2BCBF900D19D65 /* Debug */ = {
			isa = XCBuildConfiguration;
			buildSettings = {
				PRODUCT_NAME = "$(TARGET_NAME)";
			};
			name = Debug;
		};
		7833DFD91C2BCBF900D19D65 /* Release */ = {
			isa = XCBuildConfiguration;
			buildSettings = {
				PRODUCT_NAME = "$(TARGET_NAME)";
			};
			name = Release;
		};
/* End XCBuildConfiguration section */

/* Begin XCConfigurationList section */
		7833DFCB1C2BCBF900D19D65 /* Build configuration list for PBXProject "objSerialize" */ = {
			isa = XCConfigurationList;
			buildConfigurations = (
				7833DFD51C2BCBF900D19D65 /* Debug */,
				7833DFD61C2BCBF900D19D65 /* Release */,
			);
			defaultConfigurationIsVisible = 0;
			defaultConfigurationName = Release;
		};
		7833DFD71C2BCBF900D19D65 /* Build configuration list for PBXNativeTarget "objSerialize" */ = {
			isa = XCConfigurationList;
			buildConfigurations = (
				7833DFD81C2BCBF900D19D65 /* Debug */,
				7833DFD91C2BCBF900D19D65 /* Release */,
			);
			defaultConfigurationIsVisible = 0;
			defaultConfigurationName = Release;
		};
/* End XCConfigurationList section */
	};
	rootObject = 7833DFC81C2BCBF900D19D65 /* Project object */;
}
